{
  "version": 4,
  "terraform_version": "1.14.6",
  "serial": 8,
  "lineage": "0e696f93-8bf7-455d-a9da-c42c1931a65b",
  "outputs": {},
  "resources": [
    {
      "mode": "managed",
      "type": "azurerm_policy_definition",
      "name": "require_environment_tag",
      "provider": "provider[\"registry.terraform.io/hashicorp/azurerm\"]",
      "instances": [
        {
          "schema_version": 0,
          "attributes": {
            "description": "Audits resources that do not have an Environment tag.",
            "display_name": "Require Environment tag (Lab)",
            "id": "/subscriptions/72a7898c-91e0-4156-9699-114bb9ae37bb/providers/Microsoft.Authorization/policyDefinitions/require-environment-tag-lab",
            "management_group_id": "",
            "metadata": "{\"category\":\"Tags\",\"createdBy\":\"a33135c3-ac61-47b1-b3e6-91c51cb7b14f\",\"createdOn\":\"2026-03-28T02:38:18.0395407Z\",\"updatedBy\":null,\"updatedOn\":null,\"version\":\"1.0.0\"}",
            "mode": "Indexed",
            "name": "require-environment-tag-lab",
            "parameters": "{\"tagName\":{\"type\":\"String\",\"defaultValue\":\"Environment\",\"metadata\":{\"description\":\"Name of the required tag\",\"displayName\":\"Tag Name\"}}}",
            "policy_rule": "{\"if\":{\"exists\":\"false\",\"field\":\"[concat('tags[', parameters('tagName'), ']')]\"},\"then\":{\"effect\":\"audit\"}}",
            "policy_type": "Custom",
            "role_definition_ids": [],
            "timeouts": null
          },
          "sensitive_attributes": [],
          "identity_schema_version": 0,
          "private": "eyJlMmJmYjczMC1lY2FhLTExZTYtOGY4OC0zNDM2M2JjN2M0YzAiOnsiY3JlYXRlIjoxODAwMDAwMDAwMDAwLCJkZWxldGUiOjE4MDAwMDAwMDAwMDAsInJlYWQiOjMwMDAwMDAwMDAwMCwidXBkYXRlIjoxODAwMDAwMDAwMDAwfX0="
        }
      ]
    },
    {
      "mode": "managed",
      "type": "azurerm_policy_definition",
      "name": "require_owner_tag",
      "provider": "provider[\"registry.terraform.io/hashicorp/azurerm\"]",
      "instances": [
        {
          "schema_version": 0,
          "attributes": {
            "description": "Audits resources that do not have an Owner tag.",
            "display_name": "Require Owner tag (Lab)",
            "id": "/subscriptions/72a7898c-91e0-4156-9699-114bb9ae37bb/providers/Microsoft.Authorization/policyDefinitions/require-owner-tag-lab",
            "management_group_id": "",
            "metadata": "{\"category\":\"Tags\",\"createdBy\":\"a33135c3-ac61-47b1-b3e6-91c51cb7b14f\",\"createdOn\":\"2026-03-28T02:38:17.9197656Z\",\"updatedBy\":null,\"updatedOn\":null,\"version\":\"1.0.0\"}",
            "mode": "Indexed",
            "name": "require-owner-tag-lab",
            "parameters": "{\"tagName\":{\"type\":\"String\",\"defaultValue\":\"Owner\",\"metadata\":{\"description\":\"Name of the required tag\",\"displayName\":\"Tag Name\"}}}",
            "policy_rule": "{\"if\":{\"exists\":\"false\",\"field\":\"[concat('tags[', parameters('tagName'), ']')]\"},\"then\":{\"effect\":\"audit\"}}",
            "policy_type": "Custom",
            "role_definition_ids": [],
            "timeouts": null
          },
          "sensitive_attributes": [],
          "identity_schema_version": 0,
          "private": "eyJlMmJmYjczMC1lY2FhLTExZTYtOGY4OC0zNDM2M2JjN2M0YzAiOnsiY3JlYXRlIjoxODAwMDAwMDAwMDAwLCJkZWxldGUiOjE4MDAwMDAwMDAwMDAsInJlYWQiOjMwMDAwMDAwMDAwMCwidXBkYXRlIjoxODAwMDAwMDAwMDAwfX0="
        }
      ]
    },
    {
      "mode": "managed",
      "type": "azurerm_subscription_policy_assignment",
      "name": "require_environment_tag_assignment",
      "provider": "provider[\"registry.terraform.io/hashicorp/azurerm\"]",
      "instances": [
        {
          "schema_version": 0,
          "attributes": {
            "description": "Lab assignment for testing a custom Azure Policy.",
            "display_name": "Require Environment tag (Lab Assignment)",
            "enforce": true,
            "id": "/subscriptions/72a7898c-91e0-4156-9699-114bb9ae37bb/providers/Microsoft.Authorization/policyAssignments/require-environment-tag-lab-assignment",
            "identity": [],
            "location": "",
            "metadata": "{\"createdBy\":\"a33135c3-ac61-47b1-b3e6-91c51cb7b14f\",\"createdOn\":\"2026-03-28T02:39:51.8525404Z\",\"updatedBy\":null,\"updatedOn\":null}",
            "name": "require-environment-tag-lab-assignment",
            "non_compliance_message": [],
            "not_scopes": null,
            "overrides": [],
            "parameters": "{\"tagName\":{\"value\":\"Environment\"}}",
            "policy_definition_id": "/subscriptions/72a7898c-91e0-4156-9699-114bb9ae37bb/providers/Microsoft.Authorization/policyDefinitions/require-environment-tag-lab",
            "resource_selectors": [],
            "subscription_id": "/subscriptions/72a7898c-91e0-4156-9699-114bb9ae37bb",
            "timeouts": null
          },
          "sensitive_attributes": [],
          "identity_schema_version": 0,
          "private": "eyJlMmJmYjczMC1lY2FhLTExZTYtOGY4OC0zNDM2M2JjN2M0YzAiOnsiY3JlYXRlIjoxODAwMDAwMDAwMDAwLCJkZWxldGUiOjE4MDAwMDAwMDAwMDAsInJlYWQiOjMwMDAwMDAwMDAwMCwidXBkYXRlIjoxODAwMDAwMDAwMDAwfX0=",
          "dependencies": [
            "azurerm_policy_definition.require_environment_tag"
          ]
        }
      ]
    },
    {
      "mode": "managed",
      "type": "azurerm_subscription_policy_assignment",
      "name": "require_owner_tag_assignment",
      "provider": "provider[\"registry.terraform.io/hashicorp/azurerm\"]",
      "instances": [
        {
          "schema_version": 0,
          "attributes": {
            "description": "",
            "display_name": "Assign Require Owner tag (Lab)",
            "enforce": true,
            "id": "/subscriptions/72a7898c-91e0-4156-9699-114bb9ae37bb/providers/Microsoft.Authorization/policyAssignments/assign-require-owner-tag-lab",
            "identity": [],
            "location": "",
            "metadata": "{\"createdBy\":\"a33135c3-ac61-47b1-b3e6-91c51cb7b14f\",\"createdOn\":\"2026-03-28T02:39:51.8034007Z\",\"updatedBy\":null,\"updatedOn\":null}",
            "name": "assign-require-owner-tag-lab",
            "non_compliance_message": [],
            "not_scopes": null,
            "overrides": [],
            "parameters": "{\"tagName\":{\"value\":\"Owner\"}}",
            "policy_definition_id": "/subscriptions/72a7898c-91e0-4156-9699-114bb9ae37bb/providers/Microsoft.Authorization/policyDefinitions/require-owner-tag-lab",
            "resource_selectors": [],
            "subscription_id": "/subscriptions/72a7898c-91e0-4156-9699-114bb9ae37bb",
            "timeouts": null
          },
          "sensitive_attributes": [],
          "identity_schema_version": 0,
          "private": "eyJlMmJmYjczMC1lY2FhLTExZTYtOGY4OC0zNDM2M2JjN2M0YzAiOnsiY3JlYXRlIjoxODAwMDAwMDAwMDAwLCJkZWxldGUiOjE4MDAwMDAwMDAwMDAsInJlYWQiOjMwMDAwMDAwMDAwMCwidXBkYXRlIjoxODAwMDAwMDAwMDAwfX0=",
          "dependencies": [
            "azurerm_policy_definition.require_owner_tag"
          ]
        }
      ]
    }
  ],
  "check_results": null
}
